// !$*UTF8*$!
{
	archiveVersion = 1;
	classes = {
	};
	objectVersion = 77;
	objects = {

/* Begin PBXBuildFile section */
		23F78BF52CCD4E9800202DF5 /* Inject in Frameworks */ = {isa = PBXBuildFile; productRef = 23F78BF42CCD4E9800202DF5 /* Inject */; };
/* End PBXBuildFile section */

/* Begin PBXContainerItemProxy section */
		23F78BAD2CCD4CE400202DF5 /* PBXContainerItemProxy */ = {
			isa = PBXContainerItemProxy;
			containerPortal = 23F78B902CCD4CE300202DF5 /* Project object */;
			proxyType = 1;
			remoteGlobalIDString = 23F78B972CCD4CE300202DF5;
			remoteInfo = ReStock;
		};
		23F78BB72CCD4CE400202DF5 /* PBXContainerItemProxy */ = {
			isa = PBXContainerItemProxy;
			containerPortal = 23F78B902CCD4CE300202DF5 /* Project object */;
			proxyType = 1;
			remoteGlobalIDString = 23F78B972CCD4CE300202DF5;
			remoteInfo = ReStock;
		};
/* End PBXContainerItemProxy section */

/* Begin PBXFileReference section */
		23F78B982CCD4CE300202DF5 /* ReStock.app */ = {isa = PBXFileReference; explicitFileType = wrapper.application; includeInIndex = 0; path = ReStock.app; sourceTree = BUILT_PRODUCTS_DIR; };
		23F78BAC2CCD4CE400202DF5 /* ReStockTests.xctest */ = {isa = PBXFileReference; explicitFileType = wrapper.cfbundle; includeInIndex = 0; path = ReStockTests.xctest; sourceTree = BUILT_PRODUCTS_DIR; };
		23F78BB62CCD4CE400202DF5 /* ReStockUITests.xctest */ = {isa = PBXFileReference; explicitFileType = wrapper.cfbundle; includeInIndex = 0; path = ReStockUITests.xctest; sourceTree = BUILT_PRODUCTS_DIR; };
/* End PBXFileReference section */

/* Begin PBXFileSystemSynchronizedBuildFileExceptionSet section */
		230ED35D2CCD573800E2142A /* Exceptions for "ReStock" folder in "ReStock" target */ = {
			isa = PBXFileSystemSynchronizedBuildFileExceptionSet;
			membershipExceptions = (
				Bundle/Info.plist,
			);
			target = 23F78B972CCD4CE300202DF5 /* ReStock */;
		};
/* End PBXFileSystemSynchronizedBuildFileExceptionSet section */

/* Begin PBXFileSystemSynchronizedRootGroup section */
		23F78B9A2CCD4CE300202DF5 /* ReStock */ = {
			isa = PBXFileSystemSynchronizedRootGroup;
			exceptions = (
				230ED35D2CCD573800E2142A /* Exceptions for "ReStock" folder in "ReStock" target */,
			);
			path = ReStock;
			sourceTree = "<group>";
		};
		23F78BAF2CCD4CE400202DF5 /* ReStockTests */ = {
			isa = PBXFileSystemSynchronizedRootGroup;
			path = ReStockTests;
			sourceTree = "<group>";
		};
		23F78BB92CCD4CE400202DF5 /* ReStockUITests */ = {
			isa = PBXFileSystemSynchronizedRootGroup;
			path = ReStockUITests;
			sourceTree = "<group>";
		};
/* End PBXFileSystemSynchronizedRootGroup section */

/* Begin PBXFrameworksBuildPhase section */
		23F78B952CCD4CE300202DF5 /* Frameworks */ = {
			isa = PBXFrameworksBuildPhase;
			buildActionMask = 2147483647;
			files = (
				23F78BF52CCD4E9800202DF5 /* Inject in Frameworks */,
			);
			runOnlyForDeploymentPostprocessing = 0;
		};
		23F78BA92CCD4CE400202DF5 /* Frameworks */ = {
			isa = PBXFrameworksBuildPhase;
			buildActionMask = 2147483647;
			files = (
			);
			runOnlyForDeploymentPostprocessing = 0;
		};
		23F78BB32CCD4CE400202DF5 /* Frameworks */ = {
			isa = PBXFrameworksBuildPhase;
			buildActionMask = 2147483647;
			files = (
			);
			runOnlyForDeploymentPostprocessing = 0;
		};
/* End PBXFrameworksBuildPhase section */

/* Begin PBXGroup section */
		23F78B8F2CCD4CE300202DF5 = {
			isa = PBXGroup;
			children = (
				23F78B9A2CCD4CE300202DF5 /* ReStock */,
				23F78BAF2CCD4CE400202DF5 /* ReStockTests */,
				23F78BB92CCD4CE400202DF5 /* ReStockUITests */,
				23F78B992CCD4CE300202DF5 /* Products */,
			);
			sourceTree = "<group>";
		};
		23F78B992CCD4CE300202DF5 /* Products */ = {
			isa = PBXGroup;
			children = (
				23F78B982CCD4CE300202DF5 /* ReStock.app */,
				23F78BAC2CCD4CE400202DF5 /* ReStockTests.xctest */,
				23F78BB62CCD4CE400202DF5 /* ReStockUITests.xctest */,
			);
			name = Products;
			sourceTree = "<group>";
		};
/* End PBXGroup section */

/* Begin PBXNativeTarget section */
		23F78B972CCD4CE300202DF5 /* ReStock */ = {
			isa = PBXNativeTarget;
			buildConfigurationList = 23F78BBF2CCD4CE400202DF5 /* Build configuration list for PBXNativeTarget "ReStock" */;
			buildPhases = (
				23F78B942CCD4CE300202DF5 /* Sources */,
				23F78B952CCD4CE300202DF5 /* Frameworks */,
				23F78B962CCD4CE300202DF5 /* Resources */,
			);
			buildRules = (
			);
			dependencies = (
			);
			fileSystemSynchronizedGroups = (
				23F78B9A2CCD4CE300202DF5 /* ReStock */,
			);
			name = ReStock;
			packageProductDependencies = (
				23F78BF42CCD4E9800202DF5 /* Inject */,
			);
			productName = ReStock;
			productReference = 23F78B982CCD4CE300202DF5 /* ReStock.app */;
			productType = "com.apple.product-type.application";
		};
		23F78BAB2CCD4CE400202DF5 /* ReStockTests */ = {
			isa = PBXNativeTarget;
			buildConfigurationList = 23F78BC42CCD4CE400202DF5 /* Build configuration list for PBXNativeTarget "ReStockTests" */;
			buildPhases = (
				23F78BA82CCD4CE400202DF5 /* Sources */,
				23F78BA92CCD4CE400202DF5 /* Frameworks */,
				23F78BAA2CCD4CE400202DF5 /* Resources */,
			);
			buildRules = (
			);
			dependencies = (
				23F78BAE2CCD4CE400202DF5 /* PBXTargetDependency */,
			);
			fileSystemSynchronizedGroups = (
				23F78BAF2CCD4CE400202DF5 /* ReStockTests */,
			);
			name = ReStockTests;
			packageProductDependencies = (
			);
			productName = ReStockTests;
			productReference = 23F78BAC2CCD4CE400202DF5 /* ReStockTests.xctest */;
			productType = "com.apple.product-type.bundle.unit-test";
		};
		23F78BB52CCD4CE400202DF5 /* ReStockUITests */ = {
			isa = PBXNativeTarget;
			buildConfigurationList = 23F78BC72CCD4CE400202DF5 /* Build configuration list for PBXNativeTarget "ReStockUITests" */;
			buildPhases = (
				23F78BB22CCD4CE400202DF5 /* Sources */,
				23F78BB32CCD4CE400202DF5 /* Frameworks */,
				23F78BB42CCD4CE400202DF5 /* Resources */,
			);
			buildRules = (
			);
			dependencies = (
				23F78BB82CCD4CE400202DF5 /* PBXTargetDependency */,
			);
			fileSystemSynchronizedGroups = (
				23F78BB92CCD4CE400202DF5 /* ReStockUITests */,
			);
			name = ReStockUITests;
			packageProductDependencies = (
			);
			productName = ReStockUITests;
			productReference = 23F78BB62CCD4CE400202DF5 /* ReStockUITests.xctest */;
			productType = "com.apple.product-type.bundle.ui-testing";
		};
/* End PBXNativeTarget section */

/* Begin PBXProject section */
		23F78B902CCD4CE300202DF5 /* Project object */ = {
			isa = PBXProject;
			attributes = {
				BuildIndependentTargetsInParallel = 1;
				LastSwiftUpdateCheck = 1600;
				LastUpgradeCheck = 1600;
				TargetAttributes = {
					23F78B972CCD4CE300202DF5 = {
						CreatedOnToolsVersion = 16.0;
					};
					23F78BAB2CCD4CE400202DF5 = {
						CreatedOnToolsVersion = 16.0;
						TestTargetID = 23F78B972CCD4CE300202DF5;
					};
					23F78BB52CCD4CE400202DF5 = {
						CreatedOnToolsVersion = 16.0;
						TestTargetID = 23F78B972CCD4CE300202DF5;
					};
				};
			};
			buildConfigurationList = 23F78B932CCD4CE300202DF5 /* Build configuration list for PBXProject "ReStock" */;
			developmentRegion = en;
			hasScannedForEncodings = 0;
			knownRegions = (
				en,
				Base,
			);
			mainGroup = 23F78B8F2CCD4CE300202DF5;
			minimizedProjectReferenceProxies = 1;
			packageReferences = (
				23F78BF32CCD4E9800202DF5 /* XCRemoteSwiftPackageReference "Inject" */,
			);
			preferredProjectObjectVersion = 77;
			productRefGroup = 23F78B992CCD4CE300202DF5 /* Products */;
			projectDirPath = "";
			projectRoot = "";
			targets = (
				23F78B972CCD4CE300202DF5 /* ReStock */,
				23F78BAB2CCD4CE400202DF5 /* ReStockTests */,
				23F78BB52CCD4CE400202DF5 /* ReStockUITests */,
			);
		};
/* End PBXProject section */

/* Begin PBXResourcesBuildPhase section */
		23F78B962CCD4CE300202DF5 /* Resources */ = {
			isa = PBXResourcesBuildPhase;
			buildActionMask = 2147483647;
			files = (
			);
			runOnlyForDeploymentPostprocessing = 0;
		};
		23F78BAA2CCD4CE400202DF5 /* Resources */ = {
			isa = PBXResourcesBuildPhase;
			buildActionMask = 2147483647;
			files = (
			);
			runOnlyForDeploymentPostprocessing = 0;
		};
		23F78BB42CCD4CE400202DF5 /* Resources */ = {
			isa = PBXResourcesBuildPhase;
			buildActionMask = 2147483647;
			files = (
			);
			runOnlyForDeploymentPostprocessing = 0;
		};
/* End PBXResourcesBuildPhase section */

/* Begin PBXSourcesBuildPhase section */
		23F78B942CCD4CE300202DF5 /* Sources */ = {
			isa = PBXSourcesBuildPhase;
			buildActionMask = 2147483647;
			files = (
			);
			runOnlyForDeploymentPostprocessing = 0;
		};
		23F78BA82CCD4CE400202DF5 /* Sources */ = {
			isa = PBXSourcesBuildPhase;
			buildActionMask = 2147483647;
			files = (
			);
			runOnlyForDeploymentPostprocessing = 0;
		};
		23F78BB22CCD4CE400202DF5 /* Sources */ = {
			isa = PBXSourcesBuildPhase;
			buildActionMask = 2147483647;
			files = (
			);
			runOnlyForDeploymentPostprocessing = 0;
		};
/* End PBXSourcesBuildPhase section */

/* Begin PBXTargetDependency section */
		23F78BAE2CCD4CE400202DF5 /* PBXTargetDependency */ = {
			isa = PBXTargetDependency;
			target = 23F78B972CCD4CE300202DF5 /* ReStock */;
			targetProxy = 23F78BAD2CCD4CE400202DF5 /* PBXContainerItemProxy */;
		};
		23F78BB82CCD4CE400202DF5 /* PBXTargetDependency */ = {
			isa = PBXTargetDependency;
			target = 23F78B972CCD4CE300202DF5 /* ReStock */;
			targetProxy = 23F78BB72CCD4CE400202DF5 /* PBXContainerItemProxy */;
		};
/* End PBXTargetDependency section */

/* Begin XCBuildConfiguration section */
		23F78BC02CCD4CE400202DF5 /* Debug */ = {
			isa = XCBuildConfiguration;
			buildSettings = {
				ASSETCATALOG_COMPILER_APPICON_NAME = AppIcon;
				ASSETCATALOG_COMPILER_GLOBAL_ACCENT_COLOR_NAME = AccentColor;
				CODE_SIGN_ENTITLEMENTS = ReStock/Bundle/ReStock.entitlements;
				CODE_SIGN_STYLE = Automatic;
				CURRENT_PROJECT_VERSION = 1;
				DEVELOPMENT_ASSET_PATHS = "\"ReStock/Bundle/Preview Content\"";
				DEVELOPMENT_TEAM = 8T3W9YR268;
				ENABLE_PREVIEWS = YES;
				GENERATE_INFOPLIST_FILE = YES;
				INFOPLIST_FILE = ReStock/Bundle/Info.plist;
				INFOPLIST_KEY_UIApplicationSceneManifest_Generation = YES;
				INFOPLIST_KEY_UIApplicationSupportsIndirectInputEvents = YES;
				INFOPLIST_KEY_UILaunchScreen_Generation = YES;
				INFOPLIST_KEY_UISupportedInterfaceOrientations_iPad = "UIInterfaceOrientationPortrait UIInterfaceOrientationPortraitUpsideDown UIInterfaceOrientationLandscapeLeft UIInterfaceOrientationLandscapeRight";
				INFOPLIST_KEY_UISupportedInterfaceOrientations_iPhone = "UIInterfaceOrientationPortrait UIInterfaceOrientationLandscapeLeft UIInterfaceOrientationLandscapeRight";
				LD_RUNPATH_SEARCH_PATHS = (
					"$(inherited)",
					"@executable_path/Frameworks",
				);
				MARKETING_VERSION = 1.0;
				PRODUCT_BUNDLE_IDENTIFIER = com.greenace.ReStock;
				PRODUCT_NAME = "$(TARGET_NAME)";
				SWIFT_EMIT_LOC_STRINGS = YES;
				SWIFT_VERSION = 5.0;
				TARGETED_DEVICE_FAMILY = "1,2";
			};
			name = Debug;
		};
		23F78BC12CCD4CE400202DF5 /* Release */ = {
			isa = XCBuildConfiguration;
			buildSettings = {
				ASSETCATALOG_COMPILER_APPICON_NAME = AppIcon;
				ASSETCATALOG_COMPILER_GLOBAL_ACCENT_COLOR_NAME = AccentColor;
				CODE_SIGN_ENTITLEMENTS = ReStock/Bundle/ReStock.entitlements;
				CODE_SIGN_STYLE = Automatic;
				CURRENT_PROJECT_VERSION = 1;
				DEVELOPMENT_ASSET_PATHS = "\"ReStock/Bundle/Preview Content\"";
				DEVELOPMENT_TEAM = 8T3W9YR268;
				ENABLE_PREVIEWS = YES;
				GENERATE_INFOPLIST_FILE = YES;
				INFOPLIST_FILE = ReStock/Bundle/Info.plist;
				INFOPLIST_KEY_UIApplicationSceneManifest_Generation = YES;
				INFOPLIST_KEY_UIApplicationSupportsIndirectInputEvents = YES;
				INFOPLIST_KEY_UILaunchScreen_Generation = YES;
				INFOPLIST_KEY_UISupportedInterfaceOrientations_iPad = "UIInterfaceOrientationPortrait UIInterfaceOrientationPortraitUpsideDown UIInterfaceOrientationLandscapeLeft UIInterfaceOrientationLandscapeRight";
				INFOPLIST_KEY_UISupportedInterfaceOrientations_iPhone = "UIInterfaceOrientationPortrait UIInterfaceOrientationLandscapeLeft UIInterfaceOrientationLandscapeRight";
				LD_RUNPATH_SEARCH_PATHS = (
					"$(inherited)",
					"@executable_path/Frameworks",
				);
				MARKETING_VERSION = 1.0;
				PRODUCT_BUNDLE_IDENTIFIER = com.greenace.ReStock;
				PRODUCT_NAME = "$(TARGET_NAME)";
				SWIFT_EMIT_LOC_STRINGS = YES;
				SWIFT_VERSION = 5.0;
				TARGETED_DEVICE_FAMILY = "1,2";
			};
			name = Release;
		};
		23F78BC22CCD4CE400202DF5 /* Debug */ = {
			isa = XCBuildConfiguration;
			buildSettings = {
				ALWAYS_SEARCH_USER_PATHS = NO;
				ASSETCATALOG_COMPILER_GENERATE_SWIFT_ASSET_SYMBOL_EXTENSIONS = YES;
				CLANG_ANALYZER_NONNULL = YES;
				CLANG_ANALYZER_NUMBER_OBJECT_CONVERSION = YES_AGGRESSIVE;
				CLANG_CXX_LANGUAGE_STANDARD = "gnu++20";
				CLANG_ENABLE_MODULES = YES;
				CLANG_ENABLE_OBJC_ARC = YES;
				CLANG_ENABLE_OBJC_WEAK = YES;
				CLANG_WARN_BLOCK_CAPTURE_AUTORELEASING = YES;
				CLANG_WARN_BOOL_CONVERSION = YES;
				CLANG_WARN_COMMA = YES;
				CLANG_WARN_CONSTANT_CONVERSION = YES;
				CLANG_WARN_DEPRECATED_OBJC_IMPLEMENTATIONS = YES;
				CLANG_WARN_DIRECT_OBJC_ISA_USAGE = YES_ERROR;
				CLANG_WARN_DOCUMENTATION_COMMENTS = YES;
				CLANG_WARN_EMPTY_BODY = YES;
				CLANG_WARN_ENUM_CONVERSION = YES;
				CLANG_WARN_INFINITE_RECURSION = YES;
				CLANG_WARN_INT_CONVERSION = YES;
				CLANG_WARN_NON_LITERAL_NULL_CONVERSION = YES;
				CLANG_WARN_OBJC_IMPLICIT_RETAIN_SELF = YES;
				CLANG_WARN_OBJC_LITERAL_CONVERSION = YES;
				CLANG_WARN_OBJC_ROOT_CLASS = YES_ERROR;
				CLANG_WARN_QUOTED_INCLUDE_IN_FRAMEWORK_HEADER = YES;
				CLANG_WARN_RANGE_LOOP_ANALYSIS = YES;
				CLANG_WARN_STRICT_PROTOTYPES = YES;
				CLANG_WARN_SUSPICIOUS_MOVE = YES;
				CLANG_WARN_UNGUARDED_AVAILABILITY = YES_AGGRESSIVE;
				CLANG_WARN_UNREACHABLE_CODE = YES;
				CLANG_WARN__DUPLICATE_METHOD_MATCH = YES;
				COPY_PHASE_STRIP = NO;
				DEBUG_INFORMATION_FORMAT = dwarf;
				ENABLE_STRICT_OBJC_MSGSEND = YES;
				ENABLE_TESTABILITY = YES;
				ENABLE_USER_SCRIPT_SANDBOXING = YES;
				GCC_C_LANGUAGE_STANDARD = gnu17;
				GCC_DYNAMIC_NO_PIC = NO;
				GCC_NO_COMMON_BLOCKS = YES;
				GCC_OPTIMIZATION_LEVEL = 0;
				GCC_PREPROCESSOR_DEFINITIONS = (
					"DEBUG=1",
					"$(inherited)",
				);
				GCC_WARN_64_TO_32_BIT_CONVERSION = YES;
				GCC_WARN_ABOUT_RETURN_TYPE = YES_ERROR;
				GCC_WARN_UNDECLARED_SELECTOR = YES;
				GCC_WARN_UNINITIALIZED_AUTOS = YES_AGGRESSIVE;
				GCC_WARN_UNUSED_FUNCTION = YES;
				GCC_WARN_UNUSED_VARIABLE = YES;
				IPHONEOS_DEPLOYMENT_TARGET = 17.6;
				LOCALIZATION_PREFERS_STRING_CATALOGS = YES;
				MACOSX_DEPLOYMENT_TARGET = 11.5;
				MTL_ENABLE_DEBUG_INFO = INCLUDE_SOURCE;
				MTL_FAST_MATH = YES;
				ONLY_ACTIVE_ARCH = YES;
				SDKROOT = iphoneos;
				SWIFT_ACTIVE_COMPILATION_CONDITIONS = "DEBUG $(inherited)";
				SWIFT_OPTIMIZATION_LEVEL = "-Onone";
				TARGETED_DEVICE_FAMILY = "1,2";
				TVOS_DEPLOYMENT_TARGET = 15.6;
				WATCHOS_DEPLOYMENT_TARGET = 8.7;
				XROS_DEPLOYMENT_TARGET = 1.3;
			};
			name = Debug;
		};
		23F78BC32CCD4CE400202DF5 /* Release */ = {
			isa = XCBuildConfiguration;
			buildSettings = {
				ALWAYS_SEARCH_USER_PATHS = NO;
				ASSETCATALOG_COMPILER_GENERATE_SWIFT_ASSET_SYMBOL_EXTENSIONS = YES;
				CLANG_ANALYZER_NONNULL = YES;
				CLANG_ANALYZER_NUMBER_OBJECT_CONVERSION = YES_AGGRESSIVE;
				CLANG_CXX_LANGUAGE_STANDARD = "gnu++20";
				CLANG_ENABLE_MODULES = YES;
				CLANG_ENABLE_OBJC_ARC = YES;
				CLANG_ENABLE_OBJC_WEAK = YES;
				CLANG_WARN_BLOCK_CAPTURE_AUTORELEASING = YES;
				CLANG_WARN_BOOL_CONVERSION = YES;
				CLANG_WARN_COMMA = YES;
				CLANG_WARN_CONSTANT_CONVERSION = YES;
				CLANG_WARN_DEPRECATED_OBJC_IMPLEMENTATIONS = YES;
				CLANG_WARN_DIRECT_OBJC_ISA_USAGE = YES_ERROR;
				CLANG_WARN_DOCUMENTATION_COMMENTS = YES;
				CLANG_WARN_EMPTY_BODY = YES;
				CLANG_WARN_ENUM_CONVERSION = YES;
				CLANG_WARN_INFINITE_RECURSION = YES;
				CLANG_WARN_INT_CONVERSION = YES;
				CLANG_WARN_NON_LITERAL_NULL_CONVERSION = YES;
				CLANG_WARN_OBJC_IMPLICIT_RETAIN_SELF = YES;
				CLANG_WARN_OBJC_LITERAL_CONVERSION = YES;
				CLANG_WARN_OBJC_ROOT_CLASS = YES_ERROR;
				CLANG_WARN_QUOTED_INCLUDE_IN_FRAMEWORK_HEADER = YES;
				CLANG_WARN_RANGE_LOOP_ANALYSIS = YES;
				CLANG_WARN_STRICT_PROTOTYPES = YES;
				CLANG_WARN_SUSPICIOUS_MOVE = YES;
				CLANG_WARN_UNGUARDED_AVAILABILITY = YES_AGGRESSIVE;
				CLANG_WARN_UNREACHABLE_CODE = YES;
				CLANG_WARN__DUPLICATE_METHOD_MATCH = YES;
				COPY_PHASE_STRIP = NO;
				DEBUG_INFORMATION_FORMAT = "dwarf-with-dsym";
				ENABLE_NS_ASSERTIONS = NO;
				ENABLE_STRICT_OBJC_MSGSEND = YES;
				ENABLE_USER_SCRIPT_SANDBOXING = YES;
				GCC_C_LANGUAGE_STANDARD = gnu17;
				GCC_NO_COMMON_BLOCKS = YES;
				GCC_WARN_64_TO_32_BIT_CONVERSION = YES;
				GCC_WARN_ABOUT_RETURN_TYPE = YES_ERROR;
				GCC_WARN_UNDECLARED_SELECTOR = YES;
				GCC_WARN_UNINITIALIZED_AUTOS = YES_AGGRESSIVE;
				GCC_WARN_UNUSED_FUNCTION = YES;
				GCC_WARN_UNUSED_VARIABLE = YES;
				IPHONEOS_DEPLOYMENT_TARGET = 17.6;
				LOCALIZATION_PREFERS_STRING_CATALOGS = YES;
				MACOSX_DEPLOYMENT_TARGET = 11.5;
				MTL_ENABLE_DEBUG_INFO = NO;
				MTL_FAST_MATH = YES;
				SDKROOT = iphoneos;
				SWIFT_COMPILATION_MODE = wholemodule;
				TARGETED_DEVICE_FAMILY = "1,2";
				TVOS_DEPLOYMENT_TARGET = 15.6;
				VALIDATE_PRODUCT = YES;
				WATCHOS_DEPLOYMENT_TARGET = 8.7;
				XROS_DEPLOYMENT_TARGET = 1.3;
			};
			name = Release;
		};
		23F78BC52CCD4CE400202DF5 /* Debug */ = {
			isa = XCBuildConfiguration;
			buildSettings = {
				BUNDLE_LOADER = "$(TEST_HOST)";
				CODE_SIGN_STYLE = Automatic;
				CURRENT_PROJECT_VERSION = 1;
				DEVELOPMENT_TEAM = 8T3W9YR268;
				GENERATE_INFOPLIST_FILE = YES;
				IPHONEOS_DEPLOYMENT_TARGET = 17.6;
				MARKETING_VERSION = 1.0;
				PRODUCT_BUNDLE_IDENTIFIER = com.greenace.ReStockTests;
				PRODUCT_NAME = "$(TARGET_NAME)";
				SWIFT_EMIT_LOC_STRINGS = NO;
				SWIFT_VERSION = 5.0;
				TARGETED_DEVICE_FAMILY = "1,2";
				TEST_HOST = "$(BUILT_PRODUCTS_DIR)/ReStock.app/$(BUNDLE_EXECUTABLE_FOLDER_PATH)/ReStock";
			};
			name = Debug;
		};
		23F78BC62CCD4CE400202DF5 /* Release */ = {
			isa = XCBuildConfiguration;
			buildSettings = {
				BUNDLE_LOADER = "$(TEST_HOST)";
				CODE_SIGN_STYLE = Automatic;
				CURRENT_PROJECT_VERSION = 1;
				DEVELOPMENT_TEAM = 8T3W9YR268;
				GENERATE_INFOPLIST_FILE = YES;
				IPHONEOS_DEPLOYMENT_TARGET = 17.6;
				MARKETING_VERSION = 1.0;
				PRODUCT_BUNDLE_IDENTIFIER = com.greenace.ReStockTests;
				PRODUCT_NAME = "$(TARGET_NAME)";
				SWIFT_EMIT_LOC_STRINGS = NO;
				SWIFT_VERSION = 5.0;
				TARGETED_DEVICE_FAMILY = "1,2";
				TEST_HOST = "$(BUILT_PRODUCTS_DIR)/ReStock.app/$(BUNDLE_EXECUTABLE_FOLDER_PATH)/ReStock";
			};
			name = Release;
		};
		23F78BC82CCD4CE400202DF5 /* Debug */ = {
			isa = XCBuildConfiguration;
			buildSettings = {
				CODE_SIGN_STYLE = Automatic;
				CURRENT_PROJECT_VERSION = 1;
				DEVELOPMENT_TEAM = 8T3W9YR268;
				GENERATE_INFOPLIST_FILE = YES;
				MARKETING_VERSION = 1.0;
				PRODUCT_BUNDLE_IDENTIFIER = com.greenace.ReStockUITests;
				PRODUCT_NAME = "$(TARGET_NAME)";
				SWIFT_EMIT_LOC_STRINGS = NO;
				SWIFT_VERSION = 5.0;
				TARGETED_DEVICE_FAMILY = "1,2";
				TEST_TARGET_NAME = ReStock;
			};
			name = Debug;
		};
		23F78BC92CCD4CE400202DF5 /* Release */ = {
			isa = XCBuildConfiguration;
			buildSettings = {
				CODE_SIGN_STYLE = Automatic;
				CURRENT_PROJECT_VERSION = 1;
				DEVELOPMENT_TEAM = 8T3W9YR268;
				GENERATE_INFOPLIST_FILE = YES;
				MARKETING_VERSION = 1.0;
				PRODUCT_BUNDLE_IDENTIFIER = com.greenace.ReStockUITests;
				PRODUCT_NAME = "$(TARGET_NAME)";
				SWIFT_EMIT_LOC_STRINGS = NO;
				SWIFT_VERSION = 5.0;
				TARGETED_DEVICE_FAMILY = "1,2";
				TEST_TARGET_NAME = ReStock;
			};
			name = Release;
		};
/* End XCBuildConfiguration section */

/* Begin XCConfigurationList section */
		23F78B932CCD4CE300202DF5 /* Build configuration list for PBXProject "ReStock" */ = {
			isa = XCConfigurationList;
			buildConfigurations = (
				23F78BC22CCD4CE400202DF5 /* Debug */,
				23F78BC32CCD4CE400202DF5 /* Release */,
			);
			defaultConfigurationIsVisible = 0;
			defaultConfigurationName = Release;
		};
		23F78BBF2CCD4CE400202DF5 /* Build configuration list for PBXNativeTarget "ReStock" */ = {
			isa = XCConfigurationList;
			buildConfigurations = (
				23F78BC02CCD4CE400202DF5 /* Debug */,
				23F78BC12CCD4CE400202DF5 /* Release */,
			);
			defaultConfigurationIsVisible = 0;
			defaultConfigurationName = Release;
		};
		23F78BC42CCD4CE400202DF5 /* Build configuration list for PBXNativeTarget "ReStockTests" */ = {
			isa = XCConfigurationList;
			buildConfigurations = (
				23F78BC52CCD4CE400202DF5 /* Debug */,
				23F78BC62CCD4CE400202DF5 /* Release */,
			);
			defaultConfigurationIsVisible = 0;
			defaultConfigurationName = Release;
		};
		23F78BC72CCD4CE400202DF5 /* Build configuration list for PBXNativeTarget "ReStockUITests" */ = {
			isa = XCConfigurationList;
			buildConfigurations = (
				23F78BC82CCD4CE400202DF5 /* Debug */,
				23F78BC92CCD4CE400202DF5 /* Release */,
			);
			defaultConfigurationIsVisible = 0;
			defaultConfigurationName = Release;
		};
/* End XCConfigurationList section */

/* Begin XCRemoteSwiftPackageReference section */
		23F78BF32CCD4E9800202DF5 /* XCRemoteSwiftPackageReference "Inject" */ = {
			isa = XCRemoteSwiftPackageReference;
			repositoryURL = "https://github.com/krzysztofzablocki/Inject.git";
			requirement = {
				kind = upToNextMajorVersion;
				minimumVersion = 1.5.2;
			};
		};
/* End XCRemoteSwiftPackageReference section */

/* Begin XCSwiftPackageProductDependency section */
		23F78BF42CCD4E9800202DF5 /* Inject */ = {
			isa = XCSwiftPackageProductDependency;
			package = 23F78BF32CCD4E9800202DF5 /* XCRemoteSwiftPackageReference "Inject" */;
			productName = Inject;
		};
/* End XCSwiftPackageProductDependency section */
	};
	rootObject = 23F78B902CCD4CE300202DF5 /* Project object */;
}
